
Microsoft Visual Studio Solution File, Format Version 12.00
# Visual Studio Version 16
VisualStudioVersion = 16.0.31025.194
MinimumVisualStudioVersion = 10.0.40219.1
Project("{FAE04EC0-301F-11D3-BF4B-00C04F79EFBC}") = "singleton", "singleton\singleton.csproj", "{AB917C0F-1B77-40DF-A211-80B705D2E3AE}"
EndProject
Global
	GlobalSection(SolutionConfigurationPlatforms) = preSolution
		Debug|Any CPU = Debug|Any CPU
		Release|Any CPU = Release|Any CPU
	EndGlobalSection
	GlobalSection(ProjectConfigurationPlatforms) = postSolution
		{AB917C0F-1B77-40DF-A211-80B705D2E3AE}.Debug|Any CPU.ActiveCfg = Debug|Any CPU
		{AB917C0F-1B77-40DF-A211-80B705D2E3AE}.Debug|Any CPU.Build.0 = Debug|Any CPU
		{AB917C0F-1B77-40DF-A211-80B705D2E3AE}.Release|Any CPU.ActiveCfg = Release|Any CPU
		{AB917C0F-1B77-40DF-A211-80B705D2E3AE}.Release|Any CPU.Build.0 = Release|Any CPU
	EndGlobalSection
	GlobalSection(SolutionProperties) = preSolution
		HideSolutionNode = FALSE
	EndGlobalSection
	GlobalSection(ExtensibilityGlobals) = postSolution
		SolutionGuid = {04C1A74C-8937-43D6-A145-896A1070A2EA}
	EndGlobalSection
EndGlobal
